
Microsoft Visual Studio Solution File, Format Version 12.00
# Visual Studio 15
VisualStudioVersion = 15.0.28307.421
MinimumVisualStudioVersion = 10.0.40219.1
Project("{FAE04EC0-301F-11D3-BF4B-00C04F79EFBC}") = "RC4-Algorithm", "RC4-Algorithm\RC4-Algorithm.csproj", "{1D674586-0664-4DB4-A682-58BE8DB607AA}"
EndProject
Global
	GlobalSection(SolutionConfigurationPlatforms) = preSolution
		Debug|Any CPU = Debug|Any CPU
		Release|Any CPU = Release|Any CPU
	EndGlobalSection
	GlobalSection(ProjectConfigurationPlatforms) = postSolution
		{1D674586-0664-4DB4-A682-58BE8DB607AA}.Debug|Any CPU.ActiveCfg = Debug|Any CPU
		{1D674586-0664-4DB4-A682-58BE8DB607AA}.Debug|Any CPU.Build.0 = Debug|Any CPU
		{1D674586-0664-4DB4-A682-58BE8DB607AA}.Release|Any CPU.ActiveCfg = Release|Any CPU
		{1D674586-0664-4DB4-A682-58BE8DB607AA}.Release|Any CPU.Build.0 = Release|Any CPU
	EndGlobalSection
	GlobalSection(SolutionProperties) = preSolution
		HideSolutionNode = FALSE
	EndGlobalSection
	GlobalSection(ExtensibilityGlobals) = postSolution
		SolutionGuid = {400ECA35-EF8F-40DD-9471-34E5EC855458}
	EndGlobalSection
EndGlobal
